PODS:
  - Alamofire (4.2.0)
  - FLEX (2.3.0)
  - GoogleMaps (1.13.2)
  - Moya (8.0.0):
    - Moya/Core (= 8.0.0)
  - Moya-ObjectMapper/Core (2.3):
    - Moya (>= 8.0.0)
    - ObjectMapper (= 2.2.2)
  - Moya-ObjectMapper/RxSwift (2.3):
    - Moya-ObjectMapper/Core
    - Moya/RxSwift
    - RxSwift (= 3.1.0)
  - Moya/Core (8.0.0):
    - Alamofire (~> 4.2.0)
    - Result (~> 3.1.0)
  - Moya/RxSwift (8.0.0):
    - Moya/Core
    - RxSwift (~> 3.1.0)
  - ObjectMapper (2.2.2)
  - Result (3.1.0)
  - RxCocoa (3.1.0):
    - RxSwift (~> 3.1)
  - RxSwift (3.1.0)
  - SnapKit (3.2.0)
  - SwiftyJSON (3.1.4)

DEPENDENCIES:
  - FLEX (~> 2.3.0)
  - GoogleMaps (~> 1.13.2)
  - Moya-ObjectMapper/RxSwift (= 2.3)
  - Moya/RxSwift (= 8.0.0)
  - RxCocoa (= 3.1.0)
  - RxSwift (= 3.1.0)
  - SnapKit (= 3.2.0)
  - SwiftyJSON

SPEC CHECKSUMS:
  Alamofire: aa2e09d871c9160ac53c90e83c68064a94e3dfbe
  FLEX: ba80ea13d2c784e85e616137fd4eff164781e364
  GoogleMaps: b20a103ff307f58392e603cf142e59d7e30374c1
  Moya: 850a166ab8241bd1c1cea6dbe012e3a2ad62944a
  Moya-ObjectMapper: b7f1f44f02b14c97d8a8efe9c6f8e6072252a58c
  ObjectMapper: 9e385c2295bcc4e16eabbcfc85db801442bba545
  Result: 4e3ed5995ed94d0cd6a09be9a431fce3f3624bbf
  RxCocoa: 50d7564866da9299161e86a263ce12a0873904d8
  RxSwift: 83ff553e7593fdfdcb2562933a64c0284dffdadc
  SnapKit: 1ca44df72cfa543218d177cb8aab029d10d86ea7
  SwiftyJSON: c2842d878f95482ffceec5709abc3d05680c0220

PODFILE CHECKSUM: 706a7c56ecb605d1ff51391b3149817925f196b5

COCOAPODS: 1.2.0
