PODS:
  - FLEX (2.3.0)
  - GoogleMaps (1.13.2)
  - ObjectMapper (1.3.0)
  - SwiftyJSON (2.3.2)

DEPENDENCIES:
  - FLEX (~> 2.3.0)
  - GoogleMaps (~> 1.13.2)
  - ObjectMapper (~> 1.3)
  - SwiftyJSON

SPEC CHECKSUMS:
  FLEX: ba80ea13d2c784e85e616137fd4eff164781e364
  GoogleMaps: b20a103ff307f58392e603cf142e59d7e30374c1
  ObjectMapper: 4eb08a726e9791a93b2632049951b56a7c17e471
  SwiftyJSON: 04ccea08915aa0109039157c7974cf0298da292a

PODFILE CHECKSUM: dd4f595dfd8b02adf6d5d1fa0d448ba15d2ef8cb

COCOAPODS: 1.0.1
